
Microsoft Visual Studio Solution File, Format Version 12.00
# Visual Studio Version 16
VisualStudioVersion = 16.0.32002.261
MinimumVisualStudioVersion = 10.0.40219.1
Project("{2150E333-8FDC-42A3-9474-1A3956D46DE8}") = "src", "src", "{2898235A-3AB7-46EA-A5D0-FDCFF4C0E157}"
EndProject
Project("{2150E333-8FDC-42A3-9474-1A3956D46DE8}") = "Core", "Core", "{60B3A025-8FD5-48A7-91CF-0A40CCAE8597}"
EndProject
Project("{9A19103F-16F7-4668-BE54-9A1E7A4F7556}") = "LibraryApp.Application", "src\Core\LibraryApp.Application\LibraryApp.Application.csproj", "{43E34572-DA66-4998-9654-5D4A8D34739E}"
EndProject
Project("{9A19103F-16F7-4668-BE54-9A1E7A4F7556}") = "LibraryApp.Domain", "src\Core\LibraryApp.Domain\LibraryApp.Domain.csproj", "{98CAECEB-9234-4FF8-A43F-0F35FFA2BC7A}"
EndProject
Project("{2150E333-8FDC-42A3-9474-1A3956D46DE8}") = "Infrastructure", "Infrastructure", "{CE8B20D9-CE79-4514-BB8E-2E564B80C04E}"
EndProject
Project("{9A19103F-16F7-4668-BE54-9A1E7A4F7556}") = "LibraryApp.Infrastructure", "src\Infrastructure\LibraryApp.Infrastructure\LibraryApp.Infrastructure.csproj", "{68B197CC-AAA9-4FF4-A546-69FE43B90BB5}"
EndProject
Project("{9A19103F-16F7-4668-BE54-9A1E7A4F7556}") = "LibraryApp.Persistence", "src\Infrastructure\LibraryApp.Persistence\LibraryApp.Persistence.csproj", "{D8C91B5B-9166-4FB3-AE7F-F4D1C2F9CA9B}"
EndProject
Project("{2150E333-8FDC-42A3-9474-1A3956D46DE8}") = "Presentation", "Presentation", "{69FF1736-A4AF-453C-BEB4-25019CB4BA9C}"
EndProject
Project("{9A19103F-16F7-4668-BE54-9A1E7A4F7556}") = "LibraryApp.WebAPI", "src\Presentation\LibraryApp.WebAPI\LibraryApp.WebAPI.csproj", "{E8D53531-81B1-4A5D-A64A-8C384537B7E2}"
EndProject
Global
	GlobalSection(SolutionConfigurationPlatforms) = preSolution
		Debug|Any CPU = Debug|Any CPU
		Release|Any CPU = Release|Any CPU
	EndGlobalSection
	GlobalSection(ProjectConfigurationPlatforms) = postSolution
		{43E34572-DA66-4998-9654-5D4A8D34739E}.Debug|Any CPU.ActiveCfg = Debug|Any CPU
		{43E34572-DA66-4998-9654-5D4A8D34739E}.Debug|Any CPU.Build.0 = Debug|Any CPU
		{43E34572-DA66-4998-9654-5D4A8D34739E}.Release|Any CPU.ActiveCfg = Release|Any CPU
		{43E34572-DA66-4998-9654-5D4A8D34739E}.Release|Any CPU.Build.0 = Release|Any CPU
		{98CAECEB-9234-4FF8-A43F-0F35FFA2BC7A}.Debug|Any CPU.ActiveCfg = Debug|Any CPU
		{98CAECEB-9234-4FF8-A43F-0F35FFA2BC7A}.Debug|Any CPU.Build.0 = Debug|Any CPU
		{98CAECEB-9234-4FF8-A43F-0F35FFA2BC7A}.Release|Any CPU.ActiveCfg = Release|Any CPU
		{98CAECEB-9234-4FF8-A43F-0F35FFA2BC7A}.Release|Any CPU.Build.0 = Release|Any CPU
		{68B197CC-AAA9-4FF4-A546-69FE43B90BB5}.Debug|Any CPU.ActiveCfg = Debug|Any CPU
		{68B197CC-AAA9-4FF4-A546-69FE43B90BB5}.Debug|Any CPU.Build.0 = Debug|Any CPU
		{68B197CC-AAA9-4FF4-A546-69FE43B90BB5}.Release|Any CPU.ActiveCfg = Release|Any CPU
		{68B197CC-AAA9-4FF4-A546-69FE43B90BB5}.Release|Any CPU.Build.0 = Release|Any CPU
		{D8C91B5B-9166-4FB3-AE7F-F4D1C2F9CA9B}.Debug|Any CPU.ActiveCfg = Debug|Any CPU
		{D8C91B5B-9166-4FB3-AE7F-F4D1C2F9CA9B}.Debug|Any CPU.Build.0 = Debug|Any CPU
		{D8C91B5B-9166-4FB3-AE7F-F4D1C2F9CA9B}.Release|Any CPU.ActiveCfg = Release|Any CPU
		{D8C91B5B-9166-4FB3-AE7F-F4D1C2F9CA9B}.Release|Any CPU.Build.0 = Release|Any CPU
		{E8D53531-81B1-4A5D-A64A-8C384537B7E2}.Debug|Any CPU.ActiveCfg = Debug|Any CPU
		{E8D53531-81B1-4A5D-A64A-8C384537B7E2}.Debug|Any CPU.Build.0 = Debug|Any CPU
		{E8D53531-81B1-4A5D-A64A-8C384537B7E2}.Release|Any CPU.ActiveCfg = Release|Any CPU
		{E8D53531-81B1-4A5D-A64A-8C384537B7E2}.Release|Any CPU.Build.0 = Release|Any CPU
	EndGlobalSection
	GlobalSection(SolutionProperties) = preSolution
		HideSolutionNode = FALSE
	EndGlobalSection
	GlobalSection(NestedProjects) = preSolution
		{60B3A025-8FD5-48A7-91CF-0A40CCAE8597} = {2898235A-3AB7-46EA-A5D0-FDCFF4C0E157}
		{43E34572-DA66-4998-9654-5D4A8D34739E} = {60B3A025-8FD5-48A7-91CF-0A40CCAE8597}
		{98CAECEB-9234-4FF8-A43F-0F35FFA2BC7A} = {60B3A025-8FD5-48A7-91CF-0A40CCAE8597}
		{CE8B20D9-CE79-4514-BB8E-2E564B80C04E} = {2898235A-3AB7-46EA-A5D0-FDCFF4C0E157}
		{68B197CC-AAA9-4FF4-A546-69FE43B90BB5} = {CE8B20D9-CE79-4514-BB8E-2E564B80C04E}
		{D8C91B5B-9166-4FB3-AE7F-F4D1C2F9CA9B} = {CE8B20D9-CE79-4514-BB8E-2E564B80C04E}
		{69FF1736-A4AF-453C-BEB4-25019CB4BA9C} = {2898235A-3AB7-46EA-A5D0-FDCFF4C0E157}
		{E8D53531-81B1-4A5D-A64A-8C384537B7E2} = {69FF1736-A4AF-453C-BEB4-25019CB4BA9C}
	EndGlobalSection
	GlobalSection(ExtensibilityGlobals) = postSolution
		SolutionGuid = {B0997F3D-9E50-4D4A-AE0D-83EAE57BA82D}
	EndGlobalSection
EndGlobal
